// !$*UTF8*$!
{
	archiveVersion = 1;
	classes = {
	};
	objectVersion = 56;
	objects = {

/* Begin PBXBuildFile section */
		481F76292AAFDFC2000C54D9 /* AppDelegate.swift in Sources */ = {isa = PBXBuildFile; fileRef = 481F76282AAFDFC2000C54D9 /* AppDelegate.swift */; };
		481F762B2AAFDFC2000C54D9 /* SceneDelegate.swift in Sources */ = {isa = PBXBuildFile; fileRef = 481F762A2AAFDFC2000C54D9 /* SceneDelegate.swift */; };
		481F762D2AAFDFC2000C54D9 /* ViewController.swift in Sources */ = {isa = PBXBuildFile; fileRef = 481F762C2AAFDFC2000C54D9 /* ViewController.swift */; };
		481F76302AAFDFC2000C54D9 /* Main.storyboard in Resources */ = {isa = PBXBuildFile; fileRef = 481F762E2AAFDFC2000C54D9 /* Main.storyboard */; };
		481F76322AAFDFC3000C54D9 /* Assets.xcassets in Resources */ = {isa = PBXBuildFile; fileRef = 481F76312AAFDFC3000C54D9 /* Assets.xcassets */; };
		481F76352AAFDFC3000C54D9 /* LaunchScreen.storyboard in Resources */ = {isa = PBXBuildFile; fileRef = 481F76332AAFDFC3000C54D9 /* LaunchScreen.storyboard */; };
		481F76402AAFDFC3000C54D9 /* IOSCalculatorTests.swift in Sources */ = {isa = PBXBuildFile; fileRef = 481F763F2AAFDFC3000C54D9 /* IOSCalculatorTests.swift */; };
		481F764A2AAFDFC3000C54D9 /* IOSCalculatorUITests.swift in Sources */ = {isa = PBXBuildFile; fileRef = 481F76492AAFDFC3000C54D9 /* IOSCalculatorUITests.swift */; };
		481F764C2AAFDFC3000C54D9 /* IOSCalculatorUITestsLaunchTests.swift in Sources */ = {isa = PBXBuildFile; fileRef = 481F764B2AAFDFC3000C54D9 /* IOSCalculatorUITestsLaunchTests.swift */; };
/* End PBXBuildFile section */

/* Begin PBXContainerItemProxy section */
		481F763C2AAFDFC3000C54D9 /* PBXContainerItemProxy */ = {
			isa = PBXContainerItemProxy;
			containerPortal = 481F761D2AAFDFC2000C54D9 /* Project object */;
			proxyType = 1;
			remoteGlobalIDString = 481F76242AAFDFC2000C54D9;
			remoteInfo = IOSCalculator;
		};
		481F76462AAFDFC3000C54D9 /* PBXContainerItemProxy */ = {
			isa = PBXContainerItemProxy;
			containerPortal = 481F761D2AAFDFC2000C54D9 /* Project object */;
			proxyType = 1;
			remoteGlobalIDString = 481F76242AAFDFC2000C54D9;
			remoteInfo = IOSCalculator;
		};
/* End PBXContainerItemProxy section */

/* Begin PBXFileReference section */
		481F76252AAFDFC2000C54D9 /* IOSCalculator.app */ = {isa = PBXFileReference; explicitFileType = wrapper.application; includeInIndex = 0; path = IOSCalculator.app; sourceTree = BUILT_PRODUCTS_DIR; };
		481F76282AAFDFC2000C54D9 /* AppDelegate.swift */ = {isa = PBXFileReference; lastKnownFileType = sourcecode.swift; path = AppDelegate.swift; sourceTree = "<group>"; };
		481F762A2AAFDFC2000C54D9 /* SceneDelegate.swift */ = {isa = PBXFileReference; lastKnownFileType = sourcecode.swift; path = SceneDelegate.swift; sourceTree = "<group>"; };
		481F762C2AAFDFC2000C54D9 /* ViewController.swift */ = {isa = PBXFileReference; lastKnownFileType = sourcecode.swift; path = ViewController.swift; sourceTree = "<group>"; };
		481F762F2AAFDFC2000C54D9 /* Base */ = {isa = PBXFileReference; lastKnownFileType = file.storyboard; name = Base; path = Base.lproj/Main.storyboard; sourceTree = "<group>"; };
		481F76312AAFDFC3000C54D9 /* Assets.xcassets */ = {isa = PBXFileReference; lastKnownFileType = folder.assetcatalog; path = Assets.xcassets; sourceTree = "<group>"; };
		481F76342AAFDFC3000C54D9 /* Base */ = {isa = PBXFileReference; lastKnownFileType = file.storyboard; name = Base; path = Base.lproj/LaunchScreen.storyboard; sourceTree = "<group>"; };
		481F76362AAFDFC3000C54D9 /* Info.plist */ = {isa = PBXFileReference; lastKnownFileType = text.plist.xml; path = Info.plist; sourceTree = "<group>"; };
		481F763B2AAFDFC3000C54D9 /* IOSCalculatorTests.xctest */ = {isa = PBXFileReference; explicitFileType = wrapper.cfbundle; includeInIndex = 0; path = IOSCalculatorTests.xctest; sourceTree = BUILT_PRODUCTS_DIR; };
		481F763F2AAFDFC3000C54D9 /* IOSCalculatorTests.swift */ = {isa = PBXFileReference; lastKnownFileType = sourcecode.swift; path = IOSCalculatorTests.swift; sourceTree = "<group>"; };
		481F76452AAFDFC3000C54D9 /* IOSCalculatorUITests.xctest */ = {isa = PBXFileReference; explicitFileType = wrapper.cfbundle; includeInIndex = 0; path = IOSCalculatorUITests.xctest; sourceTree = BUILT_PRODUCTS_DIR; };
		481F76492AAFDFC3000C54D9 /* IOSCalculatorUITests.swift */ = {isa = PBXFileReference; lastKnownFileType = sourcecode.swift; path = IOSCalculatorUITests.swift; sourceTree = "<group>"; };
		481F764B2AAFDFC3000C54D9 /* IOSCalculatorUITestsLaunchTests.swift */ = {isa = PBXFileReference; lastKnownFileType = sourcecode.swift; path = IOSCalculatorUITestsLaunchTests.swift; sourceTree = "<group>"; };
/* End PBXFileReference section */

/* Begin PBXFrameworksBuildPhase section */
		481F76222AAFDFC2000C54D9 /* Frameworks */ = {
			isa = PBXFrameworksBuildPhase;
			buildActionMask = 2147483647;
			files = (
			);
			runOnlyForDeploymentPostprocessing = 0;
		};
		481F76382AAFDFC3000C54D9 /* Frameworks */ = {
			isa = PBXFrameworksBuildPhase;
			buildActionMask = 2147483647;
			files = (
			);
			runOnlyForDeploymentPostprocessing = 0;
		};
		481F76422AAFDFC3000C54D9 /* Frameworks */ = {
			isa = PBXFrameworksBuildPhase;
			buildActionMask = 2147483647;
			files = (
			);
			runOnlyForDeploymentPostprocessing = 0;
		};
/* End PBXFrameworksBuildPhase section */

/* Begin PBXGroup section */
		481F761C2AAFDFC2000C54D9 = {
			isa = PBXGroup;
			children = (
				481F76272AAFDFC2000C54D9 /* IOSCalculator */,
				481F763E2AAFDFC3000C54D9 /* IOSCalculatorTests */,
				481F76482AAFDFC3000C54D9 /* IOSCalculatorUITests */,
				481F76262AAFDFC2000C54D9 /* Products */,
			);
			sourceTree = "<group>";
		};
		481F76262AAFDFC2000C54D9 /* Products */ = {
			isa = PBXGroup;
			children = (
				481F76252AAFDFC2000C54D9 /* IOSCalculator.app */,
				481F763B2AAFDFC3000C54D9 /* IOSCalculatorTests.xctest */,
				481F76452AAFDFC3000C54D9 /* IOSCalculatorUITests.xctest */,
			);
			name = Products;
			sourceTree = "<group>";
		};
		481F76272AAFDFC2000C54D9 /* IOSCalculator */ = {
			isa = PBXGroup;
			children = (
				481F76282AAFDFC2000C54D9 /* AppDelegate.swift */,
				481F762A2AAFDFC2000C54D9 /* SceneDelegate.swift */,
				481F762C2AAFDFC2000C54D9 /* ViewController.swift */,
				481F762E2AAFDFC2000C54D9 /* Main.storyboard */,
				481F76312AAFDFC3000C54D9 /* Assets.xcassets */,
				481F76332AAFDFC3000C54D9 /* LaunchScreen.storyboard */,
				481F76362AAFDFC3000C54D9 /* Info.plist */,
			);
			path = IOSCalculator;
			sourceTree = "<group>";
		};
		481F763E2AAFDFC3000C54D9 /* IOSCalculatorTests */ = {
			isa = PBXGroup;
			children = (
				481F763F2AAFDFC3000C54D9 /* IOSCalculatorTests.swift */,
			);
			path = IOSCalculatorTests;
			sourceTree = "<group>";
		};
		481F76482AAFDFC3000C54D9 /* IOSCalculatorUITests */ = {
			isa = PBXGroup;
			children = (
				481F76492AAFDFC3000C54D9 /* IOSCalculatorUITests.swift */,
				481F764B2AAFDFC3000C54D9 /* IOSCalculatorUITestsLaunchTests.swift */,
			);
			path = IOSCalculatorUITests;
			sourceTree = "<group>";
		};
/* End PBXGroup section */

/* Begin PBXNativeTarget section */
		481F76242AAFDFC2000C54D9 /* IOSCalculator */ = {
			isa = PBXNativeTarget;
			buildConfigurationList = 481F764F2AAFDFC3000C54D9 /* Build configuration list for PBXNativeTarget "IOSCalculator" */;
			buildPhases = (
				481F76212AAFDFC2000C54D9 /* Sources */,
				481F76222AAFDFC2000C54D9 /* Frameworks */,
				481F76232AAFDFC2000C54D9 /* Resources */,
			);
			buildRules = (
			);
			dependencies = (
			);
			name = IOSCalculator;
			productName = IOSCalculator;
			productReference = 481F76252AAFDFC2000C54D9 /* IOSCalculator.app */;
			productType = "com.apple.product-type.application";
		};
		481F763A2AAFDFC3000C54D9 /* IOSCalculatorTests */ = {
			isa = PBXNativeTarget;
			buildConfigurationList = 481F76522AAFDFC3000C54D9 /* Build configuration list for PBXNativeTarget "IOSCalculatorTests" */;
			buildPhases = (
				481F76372AAFDFC3000C54D9 /* Sources */,
				481F76382AAFDFC3000C54D9 /* Frameworks */,
				481F76392AAFDFC3000C54D9 /* Resources */,
			);
			buildRules = (
			);
			dependencies = (
				481F763D2AAFDFC3000C54D9 /* PBXTargetDependency */,
			);
			name = IOSCalculatorTests;
			productName = IOSCalculatorTests;
			productReference = 481F763B2AAFDFC3000C54D9 /* IOSCalculatorTests.xctest */;
			productType = "com.apple.product-type.bundle.unit-test";
		};
		481F76442AAFDFC3000C54D9 /* IOSCalculatorUITests */ = {
			isa = PBXNativeTarget;
			buildConfigurationList = 481F76552AAFDFC3000C54D9 /* Build configuration list for PBXNativeTarget "IOSCalculatorUITests" */;
			buildPhases = (
				481F76412AAFDFC3000C54D9 /* Sources */,
				481F76422AAFDFC3000C54D9 /* Frameworks */,
				481F76432AAFDFC3000C54D9 /* Resources */,
			);
			buildRules = (
			);
			dependencies = (
				481F76472AAFDFC3000C54D9 /* PBXTargetDependency */,
			);
			name = IOSCalculatorUITests;
			productName = IOSCalculatorUITests;
			productReference = 481F76452AAFDFC3000C54D9 /* IOSCalculatorUITests.xctest */;
			productType = "com.apple.product-type.bundle.ui-testing";
		};
/* End PBXNativeTarget section */

/* Begin PBXProject section */
		481F761D2AAFDFC2000C54D9 /* Project object */ = {
			isa = PBXProject;
			attributes = {
				BuildIndependentTargetsInParallel = 1;
				LastSwiftUpdateCheck = 1430;
				LastUpgradeCheck = 1430;
				TargetAttributes = {
					481F76242AAFDFC2000C54D9 = {
						CreatedOnToolsVersion = 14.3.1;
					};
					481F763A2AAFDFC3000C54D9 = {
						CreatedOnToolsVersion = 14.3.1;
						TestTargetID = 481F76242AAFDFC2000C54D9;
					};
					481F76442AAFDFC3000C54D9 = {
						CreatedOnToolsVersion = 14.3.1;
						TestTargetID = 481F76242AAFDFC2000C54D9;
					};
				};
			};
			buildConfigurationList = 481F76202AAFDFC2000C54D9 /* Build configuration list for PBXProject "IOSCalculator" */;
			compatibilityVersion = "Xcode 14.0";
			developmentRegion = en;
			hasScannedForEncodings = 0;
			knownRegions = (
				en,
				Base,
			);
			mainGroup = 481F761C2AAFDFC2000C54D9;
			productRefGroup = 481F76262AAFDFC2000C54D9 /* Products */;
			projectDirPath = "";
			projectRoot = "";
			targets = (
				481F76242AAFDFC2000C54D9 /* IOSCalculator */,
				481F763A2AAFDFC3000C54D9 /* IOSCalculatorTests */,
				481F76442AAFDFC3000C54D9 /* IOSCalculatorUITests */,
			);
		};
/* End PBXProject section */

/* Begin PBXResourcesBuildPhase section */
		481F76232AAFDFC2000C54D9 /* Resources */ = {
			isa = PBXResourcesBuildPhase;
			buildActionMask = 2147483647;
			files = (
				481F76352AAFDFC3000C54D9 /* LaunchScreen.storyboard in Resources */,
				481F76322AAFDFC3000C54D9 /* Assets.xcassets in Resources */,
				481F76302AAFDFC2000C54D9 /* Main.storyboard in Resources */,
			);
			runOnlyForDeploymentPostprocessing = 0;
		};
		481F76392AAFDFC3000C54D9 /* Resources */ = {
			isa = PBXResourcesBuildPhase;
			buildActionMask = 2147483647;
			files = (
			);
			runOnlyForDeploymentPostprocessing = 0;
		};
		481F76432AAFDFC3000C54D9 /* Resources */ = {
			isa = PBXResourcesBuildPhase;
			buildActionMask = 2147483647;
			files = (
			);
			runOnlyForDeploymentPostprocessing = 0;
		};
/* End PBXResourcesBuildPhase section */

/* Begin PBXSourcesBuildPhase section */
		481F76212AAFDFC2000C54D9 /* Sources */ = {
			isa = PBXSourcesBuildPhase;
			buildActionMask = 2147483647;
			files = (
				481F762D2AAFDFC2000C54D9 /* ViewController.swift in Sources */,
				481F76292AAFDFC2000C54D9 /* AppDelegate.swift in Sources */,
				481F762B2AAFDFC2000C54D9 /* SceneDelegate.swift in Sources */,
			);
			runOnlyForDeploymentPostprocessing = 0;
		};
		481F76372AAFDFC3000C54D9 /* Sources */ = {
			isa = PBXSourcesBuildPhase;
			buildActionMask = 2147483647;
			files = (
				481F76402AAFDFC3000C54D9 /* IOSCalculatorTests.swift in Sources */,
			);
			runOnlyForDeploymentPostprocessing = 0;
		};
		481F76412AAFDFC3000C54D9 /* Sources */ = {
			isa = PBXSourcesBuildPhase;
			buildActionMask = 2147483647;
			files = (
				481F764C2AAFDFC3000C54D9 /* IOSCalculatorUITestsLaunchTests.swift in Sources */,
				481F764A2AAFDFC3000C54D9 /* IOSCalculatorUITests.swift in Sources */,
			);
			runOnlyForDeploymentPostprocessing = 0;
		};
/* End PBXSourcesBuildPhase section */

/* Begin PBXTargetDependency section */
		481F763D2AAFDFC3000C54D9 /* PBXTargetDependency */ = {
			isa = PBXTargetDependency;
			target = 481F76242AAFDFC2000C54D9 /* IOSCalculator */;
			targetProxy = 481F763C2AAFDFC3000C54D9 /* PBXContainerItemProxy */;
		};
		481F76472AAFDFC3000C54D9 /* PBXTargetDependency */ = {
			isa = PBXTargetDependency;
			target = 481F76242AAFDFC2000C54D9 /* IOSCalculator */;
			targetProxy = 481F76462AAFDFC3000C54D9 /* PBXContainerItemProxy */;
		};
/* End PBXTargetDependency section */

/* Begin PBXVariantGroup section */
		481F762E2AAFDFC2000C54D9 /* Main.storyboard */ = {
			isa = PBXVariantGroup;
			children = (
				481F762F2AAFDFC2000C54D9 /* Base */,
			);
			name = Main.storyboard;
			sourceTree = "<group>";
		};
		481F76332AAFDFC3000C54D9 /* LaunchScreen.storyboard */ = {
			isa = PBXVariantGroup;
			children = (
				481F76342AAFDFC3000C54D9 /* Base */,
			);
			name = LaunchScreen.storyboard;
			sourceTree = "<group>";
		};
/* End PBXVariantGroup section */

/* Begin XCBuildConfiguration section */
		481F764D2AAFDFC3000C54D9 /* Debug */ = {
			isa = XCBuildConfiguration;
			buildSettings = {
				ALWAYS_SEARCH_USER_PATHS = NO;
				CLANG_ANALYZER_NONNULL = YES;
				CLANG_ANALYZER_NUMBER_OBJECT_CONVERSION = YES_AGGRESSIVE;
				CLANG_CXX_LANGUAGE_STANDARD = "gnu++20";
				CLANG_ENABLE_MODULES = YES;
				CLANG_ENABLE_OBJC_ARC = YES;
				CLANG_ENABLE_OBJC_WEAK = YES;
				CLANG_WARN_BLOCK_CAPTURE_AUTORELEASING = YES;
				CLANG_WARN_BOOL_CONVERSION = YES;
				CLANG_WARN_COMMA = YES;
				CLANG_WARN_CONSTANT_CONVERSION = YES;
				CLANG_WARN_DEPRECATED_OBJC_IMPLEMENTATIONS = YES;
				CLANG_WARN_DIRECT_OBJC_ISA_USAGE = YES_ERROR;
				CLANG_WARN_DOCUMENTATION_COMMENTS = YES;
				CLANG_WARN_EMPTY_BODY = YES;
				CLANG_WARN_ENUM_CONVERSION = YES;
				CLANG_WARN_INFINITE_RECURSION = YES;
				CLANG_WARN_INT_CONVERSION = YES;
				CLANG_WARN_NON_LITERAL_NULL_CONVERSION = YES;
				CLANG_WARN_OBJC_IMPLICIT_RETAIN_SELF = YES;
				CLANG_WARN_OBJC_LITERAL_CONVERSION = YES;
				CLANG_WARN_OBJC_ROOT_CLASS = YES_ERROR;
				CLANG_WARN_QUOTED_INCLUDE_IN_FRAMEWORK_HEADER = YES;
				CLANG_WARN_RANGE_LOOP_ANALYSIS = YES;
				CLANG_WARN_STRICT_PROTOTYPES = YES;
				CLANG_WARN_SUSPICIOUS_MOVE = YES;
				CLANG_WARN_UNGUARDED_AVAILABILITY = YES_AGGRESSIVE;
				CLANG_WARN_UNREACHABLE_CODE = YES;
				CLANG_WARN__DUPLICATE_METHOD_MATCH = YES;
				COPY_PHASE_STRIP = NO;
				DEBUG_INFORMATION_FORMAT = dwarf;
				ENABLE_STRICT_OBJC_MSGSEND = YES;
				ENABLE_TESTABILITY = YES;
				GCC_C_LANGUAGE_STANDARD = gnu11;
				GCC_DYNAMIC_NO_PIC = NO;
				GCC_NO_COMMON_BLOCKS = YES;
				GCC_OPTIMIZATION_LEVEL = 0;
				GCC_PREPROCESSOR_DEFINITIONS = (
					"DEBUG=1",
					"$(inherited)",
				);
				GCC_WARN_64_TO_32_BIT_CONVERSION = YES;
				GCC_WARN_ABOUT_RETURN_TYPE = YES_ERROR;
				GCC_WARN_UNDECLARED_SELECTOR = YES;
				GCC_WARN_UNINITIALIZED_AUTOS = YES_AGGRESSIVE;
				GCC_WARN_UNUSED_FUNCTION = YES;
				GCC_WARN_UNUSED_VARIABLE = YES;
				IPHONEOS_DEPLOYMENT_TARGET = 16.4;
				MTL_ENABLE_DEBUG_INFO = INCLUDE_SOURCE;
				MTL_FAST_MATH = YES;
				ONLY_ACTIVE_ARCH = YES;
				SDKROOT = iphoneos;
				SWIFT_ACTIVE_COMPILATION_CONDITIONS = DEBUG;
				SWIFT_OPTIMIZATION_LEVEL = "-Onone";
			};
			name = Debug;
		};
		481F764E2AAFDFC3000C54D9 /* Release */ = {
			isa = XCBuildConfiguration;
			buildSettings = {
				ALWAYS_SEARCH_USER_PATHS = NO;
				CLANG_ANALYZER_NONNULL = YES;
				CLANG_ANALYZER_NUMBER_OBJECT_CONVERSION = YES_AGGRESSIVE;
				CLANG_CXX_LANGUAGE_STANDARD = "gnu++20";
				CLANG_ENABLE_MODULES = YES;
				CLANG_ENABLE_OBJC_ARC = YES;
				CLANG_ENABLE_OBJC_WEAK = YES;
				CLANG_WARN_BLOCK_CAPTURE_AUTORELEASING = YES;
				CLANG_WARN_BOOL_CONVERSION = YES;
				CLANG_WARN_COMMA = YES;
				CLANG_WARN_CONSTANT_CONVERSION = YES;
				CLANG_WARN_DEPRECATED_OBJC_IMPLEMENTATIONS = YES;
				CLANG_WARN_DIRECT_OBJC_ISA_USAGE = YES_ERROR;
				CLANG_WARN_DOCUMENTATION_COMMENTS = YES;
				CLANG_WARN_EMPTY_BODY = YES;
				CLANG_WARN_ENUM_CONVERSION = YES;
				CLANG_WARN_INFINITE_RECURSION = YES;
				CLANG_WARN_INT_CONVERSION = YES;
				CLANG_WARN_NON_LITERAL_NULL_CONVERSION = YES;
				CLANG_WARN_OBJC_IMPLICIT_RETAIN_SELF = YES;
				CLANG_WARN_OBJC_LITERAL_CONVERSION = YES;
				CLANG_WARN_OBJC_ROOT_CLASS = YES_ERROR;
				CLANG_WARN_QUOTED_INCLUDE_IN_FRAMEWORK_HEADER = YES;
				CLANG_WARN_RANGE_LOOP_ANALYSIS = YES;
				CLANG_WARN_STRICT_PROTOTYPES = YES;
				CLANG_WARN_SUSPICIOUS_MOVE = YES;
				CLANG_WARN_UNGUARDED_AVAILABILITY = YES_AGGRESSIVE;
				CLANG_WARN_UNREACHABLE_CODE = YES;
				CLANG_WARN__DUPLICATE_METHOD_MATCH = YES;
				COPY_PHASE_STRIP = NO;
				DEBUG_INFORMATION_FORMAT = "dwarf-with-dsym";
				ENABLE_NS_ASSERTIONS = NO;
				ENABLE_STRICT_OBJC_MSGSEND = YES;
				GCC_C_LANGUAGE_STANDARD = gnu11;
				GCC_NO_COMMON_BLOCKS = YES;
				GCC_WARN_64_TO_32_BIT_CONVERSION = YES;
				GCC_WARN_ABOUT_RETURN_TYPE = YES_ERROR;
				GCC_WARN_UNDECLARED_SELECTOR = YES;
				GCC_WARN_UNINITIALIZED_AUTOS = YES_AGGRESSIVE;
				GCC_WARN_UNUSED_FUNCTION = YES;
				GCC_WARN_UNUSED_VARIABLE = YES;
				IPHONEOS_DEPLOYMENT_TARGET = 16.4;
				MTL_ENABLE_DEBUG_INFO = NO;
				MTL_FAST_MATH = YES;
				SDKROOT = iphoneos;
				SWIFT_COMPILATION_MODE = wholemodule;
				SWIFT_OPTIMIZATION_LEVEL = "-O";
				VALIDATE_PRODUCT = YES;
			};
			name = Release;
		};
		481F76502AAFDFC3000C54D9 /* Debug */ = {
			isa = XCBuildConfiguration;
			buildSettings = {
				ASSETCATALOG_COMPILER_APPICON_NAME = AppIcon;
				ASSETCATALOG_COMPILER_GLOBAL_ACCENT_COLOR_NAME = AccentColor;
				CODE_SIGN_STYLE = Automatic;
				CURRENT_PROJECT_VERSION = 1;
				DEVELOPMENT_TEAM = 7Q94L4HLT8;
				GENERATE_INFOPLIST_FILE = YES;
				INFOPLIST_FILE = IOSCalculator/Info.plist;
				INFOPLIST_KEY_UIApplicationSupportsIndirectInputEvents = YES;
				INFOPLIST_KEY_UILaunchStoryboardName = LaunchScreen;
				INFOPLIST_KEY_UIMainStoryboardFile = Main;
				INFOPLIST_KEY_UISupportedInterfaceOrientations_iPad = "UIInterfaceOrientationPortrait UIInterfaceOrientationPortraitUpsideDown UIInterfaceOrientationLandscapeLeft UIInterfaceOrientationLandscapeRight";
				INFOPLIST_KEY_UISupportedInterfaceOrientations_iPhone = "UIInterfaceOrientationPortrait UIInterfaceOrientationLandscapeLeft UIInterfaceOrientationLandscapeRight";
				LD_RUNPATH_SEARCH_PATHS = (
					"$(inherited)",
					"@executable_path/Frameworks",
				);
				MARKETING_VERSION = 1.0;
				PRODUCT_BUNDLE_IDENTIFIER = BaseOfIOS.IOSCalculator;
				PRODUCT_NAME = "$(TARGET_NAME)";
				SWIFT_EMIT_LOC_STRINGS = YES;
				SWIFT_VERSION = 5.0;
				TARGETED_DEVICE_FAMILY = "1,2";
			};
			name = Debug;
		};
		481F76512AAFDFC3000C54D9 /* Release */ = {
			isa = XCBuildConfiguration;
			buildSettings = {
				ASSETCATALOG_COMPILER_APPICON_NAME = AppIcon;
				ASSETCATALOG_COMPILER_GLOBAL_ACCENT_COLOR_NAME = AccentColor;
				CODE_SIGN_STYLE = Automatic;
				CURRENT_PROJECT_VERSION = 1;
				DEVELOPMENT_TEAM = 7Q94L4HLT8;
				GENERATE_INFOPLIST_FILE = YES;
				INFOPLIST_FILE = IOSCalculator/Info.plist;
				INFOPLIST_KEY_UIApplicationSupportsIndirectInputEvents = YES;
				INFOPLIST_KEY_UILaunchStoryboardName = LaunchScreen;
				INFOPLIST_KEY_UIMainStoryboardFile = Main;
				INFOPLIST_KEY_UISupportedInterfaceOrientations_iPad = "UIInterfaceOrientationPortrait UIInterfaceOrientationPortraitUpsideDown UIInterfaceOrientationLandscapeLeft UIInterfaceOrientationLandscapeRight";
				INFOPLIST_KEY_UISupportedInterfaceOrientations_iPhone = "UIInterfaceOrientationPortrait UIInterfaceOrientationLandscapeLeft UIInterfaceOrientationLandscapeRight";
				LD_RUNPATH_SEARCH_PATHS = (
					"$(inherited)",
					"@executable_path/Frameworks",
				);
				MARKETING_VERSION = 1.0;
				PRODUCT_BUNDLE_IDENTIFIER = BaseOfIOS.IOSCalculator;
				PRODUCT_NAME = "$(TARGET_NAME)";
				SWIFT_EMIT_LOC_STRINGS = YES;
				SWIFT_VERSION = 5.0;
				TARGETED_DEVICE_FAMILY = "1,2";
			};
			name = Release;
		};
		481F76532AAFDFC3000C54D9 /* Debug */ = {
			isa = XCBuildConfiguration;
			buildSettings = {
				ALWAYS_EMBED_SWIFT_STANDARD_LIBRARIES = YES;
				BUNDLE_LOADER = "$(TEST_HOST)";
				CODE_SIGN_STYLE = Automatic;
				CURRENT_PROJECT_VERSION = 1;
				DEVELOPMENT_TEAM = 7Q94L4HLT8;
				GENERATE_INFOPLIST_FILE = YES;
				IPHONEOS_DEPLOYMENT_TARGET = 16.4;
				MARKETING_VERSION = 1.0;
				PRODUCT_BUNDLE_IDENTIFIER = BaseOfIOS.IOSCalculatorTests;
				PRODUCT_NAME = "$(TARGET_NAME)";
				SWIFT_EMIT_LOC_STRINGS = NO;
				SWIFT_VERSION = 5.0;
				TARGETED_DEVICE_FAMILY = "1,2";
				TEST_HOST = "$(BUILT_PRODUCTS_DIR)/IOSCalculator.app/$(BUNDLE_EXECUTABLE_FOLDER_PATH)/IOSCalculator";
			};
			name = Debug;
		};
		481F76542AAFDFC3000C54D9 /* Release */ = {
			isa = XCBuildConfiguration;
			buildSettings = {
				ALWAYS_EMBED_SWIFT_STANDARD_LIBRARIES = YES;
				BUNDLE_LOADER = "$(TEST_HOST)";
				CODE_SIGN_STYLE = Automatic;
				CURRENT_PROJECT_VERSION = 1;
				DEVELOPMENT_TEAM = 7Q94L4HLT8;
				GENERATE_INFOPLIST_FILE = YES;
				IPHONEOS_DEPLOYMENT_TARGET = 16.4;
				MARKETING_VERSION = 1.0;
				PRODUCT_BUNDLE_IDENTIFIER = BaseOfIOS.IOSCalculatorTests;
				PRODUCT_NAME = "$(TARGET_NAME)";
				SWIFT_EMIT_LOC_STRINGS = NO;
				SWIFT_VERSION = 5.0;
				TARGETED_DEVICE_FAMILY = "1,2";
				TEST_HOST = "$(BUILT_PRODUCTS_DIR)/IOSCalculator.app/$(BUNDLE_EXECUTABLE_FOLDER_PATH)/IOSCalculator";
			};
			name = Release;
		};
		481F76562AAFDFC3000C54D9 /* Debug */ = {
			isa = XCBuildConfiguration;
			buildSettings = {
				ALWAYS_EMBED_SWIFT_STANDARD_LIBRARIES = YES;
				CODE_SIGN_STYLE = Automatic;
				CURRENT_PROJECT_VERSION = 1;
				DEVELOPMENT_TEAM = 7Q94L4HLT8;
				GENERATE_INFOPLIST_FILE = YES;
				MARKETING_VERSION = 1.0;
				PRODUCT_BUNDLE_IDENTIFIER = BaseOfIOS.IOSCalculatorUITests;
				PRODUCT_NAME = "$(TARGET_NAME)";
				SWIFT_EMIT_LOC_STRINGS = NO;
				SWIFT_VERSION = 5.0;
				TARGETED_DEVICE_FAMILY = "1,2";
				TEST_TARGET_NAME = IOSCalculator;
			};
			name = Debug;
		};
		481F76572AAFDFC3000C54D9 /* Release */ = {
			isa = XCBuildConfiguration;
			buildSettings = {
				ALWAYS_EMBED_SWIFT_STANDARD_LIBRARIES = YES;
				CODE_SIGN_STYLE = Automatic;
				CURRENT_PROJECT_VERSION = 1;
				DEVELOPMENT_TEAM = 7Q94L4HLT8;
				GENERATE_INFOPLIST_FILE = YES;
				MARKETING_VERSION = 1.0;
				PRODUCT_BUNDLE_IDENTIFIER = BaseOfIOS.IOSCalculatorUITests;
				PRODUCT_NAME = "$(TARGET_NAME)";
				SWIFT_EMIT_LOC_STRINGS = NO;
				SWIFT_VERSION = 5.0;
				TARGETED_DEVICE_FAMILY = "1,2";
				TEST_TARGET_NAME = IOSCalculator;
			};
			name = Release;
		};
/* End XCBuildConfiguration section */

/* Begin XCConfigurationList section */
		481F76202AAFDFC2000C54D9 /* Build configuration list for PBXProject "IOSCalculator" */ = {
			isa = XCConfigurationList;
			buildConfigurations = (
				481F764D2AAFDFC3000C54D9 /* Debug */,
				481F764E2AAFDFC3000C54D9 /* Release */,
			);
			defaultConfigurationIsVisible = 0;
			defaultConfigurationName = Release;
		};
		481F764F2AAFDFC3000C54D9 /* Build configuration list for PBXNativeTarget "IOSCalculator" */ = {
			isa = XCConfigurationList;
			buildConfigurations = (
				481F76502AAFDFC3000C54D9 /* Debug */,
				481F76512AAFDFC3000C54D9 /* Release */,
			);
			defaultConfigurationIsVisible = 0;
			defaultConfigurationName = Release;
		};
		481F76522AAFDFC3000C54D9 /* Build configuration list for PBXNativeTarget "IOSCalculatorTests" */ = {
			isa = XCConfigurationList;
			buildConfigurations = (
				481F76532AAFDFC3000C54D9 /* Debug */,
				481F76542AAFDFC3000C54D9 /* Release */,
			);
			defaultConfigurationIsVisible = 0;
			defaultConfigurationName = Release;
		};
		481F76552AAFDFC3000C54D9 /* Build configuration list for PBXNativeTarget "IOSCalculatorUITests" */ = {
			isa = XCConfigurationList;
			buildConfigurations = (
				481F76562AAFDFC3000C54D9 /* Debug */,
				481F76572AAFDFC3000C54D9 /* Release */,
			);
			defaultConfigurationIsVisible = 0;
			defaultConfigurationName = Release;
		};
/* End XCConfigurationList section */
	};
	rootObject = 481F761D2AAFDFC2000C54D9 /* Project object */;
}
